
Microsoft Visual Studio Solution File, Format Version 12.00
# Visual Studio 14
VisualStudioVersion = 14.0.25420.1
MinimumVisualStudioVersion = 10.0.40219.1
Project("{FAE04EC0-301F-11D3-BF4B-00C04F79EFBC}") = "stockBotFramework", "stockBotFramework\stockBotFramework.csproj", "{A8BA1066-5695-4D71-ABB4-65E5A5E0C3D4}"
EndProject
Project("{FAE04EC0-301F-11D3-BF4B-00C04F79EFBC}") = "DataService", "DataService\DataService.csproj", "{A79DDF07-0687-4295-A641-3B279FF55DA6}"
EndProject
Project("{FAE04EC0-301F-11D3-BF4B-00C04F79EFBC}") = "DataCore", "DataCore\DataCore.csproj", "{E528CE9E-5062-4621-88BC-9587C937F4EE}"
EndProject
Project("{FAE04EC0-301F-11D3-BF4B-00C04F79EFBC}") = "DapperLayer", "DapperLayer\DapperLayer.csproj", "{E328A08F-B2F8-4C66-A255-6739102EF86E}"
EndProject
Global
	GlobalSection(SolutionConfigurationPlatforms) = preSolution
		Debug|Any CPU = Debug|Any CPU
		Release|Any CPU = Release|Any CPU
	EndGlobalSection
	GlobalSection(ProjectConfigurationPlatforms) = postSolution
		{A8BA1066-5695-4D71-ABB4-65E5A5E0C3D4}.Debug|Any CPU.ActiveCfg = Debug|Any CPU
		{A8BA1066-5695-4D71-ABB4-65E5A5E0C3D4}.Debug|Any CPU.Build.0 = Debug|Any CPU
		{A8BA1066-5695-4D71-ABB4-65E5A5E0C3D4}.Release|Any CPU.ActiveCfg = Release|Any CPU
		{A8BA1066-5695-4D71-ABB4-65E5A5E0C3D4}.Release|Any CPU.Build.0 = Release|Any CPU
		{A79DDF07-0687-4295-A641-3B279FF55DA6}.Debug|Any CPU.ActiveCfg = Debug|Any CPU
		{A79DDF07-0687-4295-A641-3B279FF55DA6}.Debug|Any CPU.Build.0 = Debug|Any CPU
		{A79DDF07-0687-4295-A641-3B279FF55DA6}.Release|Any CPU.ActiveCfg = Release|Any CPU
		{A79DDF07-0687-4295-A641-3B279FF55DA6}.Release|Any CPU.Build.0 = Release|Any CPU
		{E528CE9E-5062-4621-88BC-9587C937F4EE}.Debug|Any CPU.ActiveCfg = Debug|Any CPU
		{E528CE9E-5062-4621-88BC-9587C937F4EE}.Debug|Any CPU.Build.0 = Debug|Any CPU
		{E528CE9E-5062-4621-88BC-9587C937F4EE}.Release|Any CPU.ActiveCfg = Release|Any CPU
		{E528CE9E-5062-4621-88BC-9587C937F4EE}.Release|Any CPU.Build.0 = Release|Any CPU
		{E328A08F-B2F8-4C66-A255-6739102EF86E}.Debug|Any CPU.ActiveCfg = Debug|Any CPU
		{E328A08F-B2F8-4C66-A255-6739102EF86E}.Debug|Any CPU.Build.0 = Debug|Any CPU
		{E328A08F-B2F8-4C66-A255-6739102EF86E}.Release|Any CPU.ActiveCfg = Release|Any CPU
		{E328A08F-B2F8-4C66-A255-6739102EF86E}.Release|Any CPU.Build.0 = Release|Any CPU
	EndGlobalSection
	GlobalSection(SolutionProperties) = preSolution
		HideSolutionNode = FALSE
	EndGlobalSection
EndGlobal
